
Microsoft Visual Studio Solution File, Format Version 12.00
# Visual Studio 15
VisualStudioVersion = 15.0.27703.2026
MinimumVisualStudioVersion = 10.0.40219.1
Project("{FAE04EC0-301F-11D3-BF4B-00C04F79EFBC}") = "AnalisadorLexico", "AnalisadorLexico.csproj", "{D2802AF7-CDD1-4114-93E0-13EB362FDC49}"
EndProject
Global
	GlobalSection(SolutionConfigurationPlatforms) = preSolution
		Debug|Any CPU = Debug|Any CPU
		Release|Any CPU = Release|Any CPU
	EndGlobalSection
	GlobalSection(ProjectConfigurationPlatforms) = postSolution
		{D2802AF7-CDD1-4114-93E0-13EB362FDC49}.Debug|Any CPU.ActiveCfg = Debug|Any CPU
		{D2802AF7-CDD1-4114-93E0-13EB362FDC49}.Debug|Any CPU.Build.0 = Debug|Any CPU
		{D2802AF7-CDD1-4114-93E0-13EB362FDC49}.Release|Any CPU.ActiveCfg = Release|Any CPU
		{D2802AF7-CDD1-4114-93E0-13EB362FDC49}.Release|Any CPU.Build.0 = Release|Any CPU
	EndGlobalSection
	GlobalSection(SolutionProperties) = preSolution
		HideSolutionNode = FALSE
	EndGlobalSection
	GlobalSection(ExtensibilityGlobals) = postSolution
		SolutionGuid = {E8B10511-C1D3-41CC-A24D-17A17686CED3}
	EndGlobalSection
EndGlobal
